
Microsoft Visual Studio Solution File, Format Version 12.00
Project("{FAE04EC0-301F-11D3-BF4B-00C04F79EFBC}") = "WeatherProject", "WeatherProject.csproj", "{D2D40351-86BB-4420-AA81-E69E93F8DD70}"
EndProject
Global
	GlobalSection(SolutionConfigurationPlatforms) = preSolution
		Debug|Any CPU = Debug|Any CPU
		Release|Any CPU = Release|Any CPU
	EndGlobalSection
	GlobalSection(ProjectConfigurationPlatforms) = postSolution
		{D2D40351-86BB-4420-AA81-E69E93F8DD70}.Debug|Any CPU.ActiveCfg = Debug|Any CPU
		{D2D40351-86BB-4420-AA81-E69E93F8DD70}.Debug|Any CPU.Build.0 = Debug|Any CPU
		{D2D40351-86BB-4420-AA81-E69E93F8DD70}.Release|Any CPU.ActiveCfg = Release|Any CPU
		{D2D40351-86BB-4420-AA81-E69E93F8DD70}.Release|Any CPU.Build.0 = Release|Any CPU
	EndGlobalSection
EndGlobal
